// !$*UTF8*$!
{
	archiveVersion = 1;
	classes = {
	};
	objectVersion = 46;
	objects = {

/* Begin PBXBuildFile section */
		2999758770E23C8F4327A45C /* Pods_Pokedex.framework in Frameworks */ = {isa = PBXBuildFile; fileRef = EC5738B9C349247F3ECDD6D8 /* Pods_Pokedex.framework */; };
		8451770920B54434005BA907 /* CSV.swift in Sources */ = {isa = PBXBuildFile; fileRef = 8451770820B54434005BA907 /* CSV.swift */; };
		8451770C20B5495F005BA907 /* Pokemon Hollow.ttf in Resources */ = {isa = PBXBuildFile; fileRef = 8451770A20B5495F005BA907 /* Pokemon Hollow.ttf */; };
		8451770D20B5495F005BA907 /* Pokemon Solid.ttf in Resources */ = {isa = PBXBuildFile; fileRef = 8451770B20B5495F005BA907 /* Pokemon Solid.ttf */; };
		8451771120B54C25005BA907 /* music.mp3 in Resources */ = {isa = PBXBuildFile; fileRef = 8451771020B54C25005BA907 /* music.mp3 */; };
		8451771320B55D82005BA907 /* DetailViewController.swift in Sources */ = {isa = PBXBuildFile; fileRef = 8451771220B55D82005BA907 /* DetailViewController.swift */; };
		84B250C320B4FE72003F940C /* AppDelegate.swift in Sources */ = {isa = PBXBuildFile; fileRef = 84B250C220B4FE72003F940C /* AppDelegate.swift */; };
		84B250C520B4FE72003F940C /* MainViewController.swift in Sources */ = {isa = PBXBuildFile; fileRef = 84B250C420B4FE72003F940C /* MainViewController.swift */; };
		84B250C820B4FE72003F940C /* Main.storyboard in Resources */ = {isa = PBXBuildFile; fileRef = 84B250C620B4FE72003F940C /* Main.storyboard */; };
		84B250CA20B4FE72003F940C /* Assets.xcassets in Resources */ = {isa = PBXBuildFile; fileRef = 84B250C920B4FE72003F940C /* Assets.xcassets */; };
		84B250CD20B4FE72003F940C /* LaunchScreen.storyboard in Resources */ = {isa = PBXBuildFile; fileRef = 84B250CB20B4FE72003F940C /* LaunchScreen.storyboard */; };
		84B250D820B4FE72003F940C /* PokedexTests.swift in Sources */ = {isa = PBXBuildFile; fileRef = 84B250D720B4FE72003F940C /* PokedexTests.swift */; };
		84B250E320B4FE72003F940C /* PokedexUITests.swift in Sources */ = {isa = PBXBuildFile; fileRef = 84B250E220B4FE72003F940C /* PokedexUITests.swift */; };
		84B250F120B50236003F940C /* pokemon.csv in Resources */ = {isa = PBXBuildFile; fileRef = 84B250F020B50236003F940C /* pokemon.csv */; };
		84B250F420B502FC003F940C /* Pokemon.swift in Sources */ = {isa = PBXBuildFile; fileRef = 84B250F320B502FC003F940C /* Pokemon.swift */; };
		84B250F720B50DA5003F940C /* PokemonCell.swift in Sources */ = {isa = PBXBuildFile; fileRef = 84B250F620B50DA5003F940C /* PokemonCell.swift */; };
		84DDEA4020B6593900622F1A /* Constants.swift in Sources */ = {isa = PBXBuildFile; fileRef = 84DDEA3F20B6593900622F1A /* Constants.swift */; };
/* End PBXBuildFile section */

/* Begin PBXContainerItemProxy section */
		84B250D420B4FE72003F940C /* PBXContainerItemProxy */ = {
			isa = PBXContainerItemProxy;
			containerPortal = 84B250B720B4FE72003F940C /* Project object */;
			proxyType = 1;
			remoteGlobalIDString = 84B250BE20B4FE72003F940C;
			remoteInfo = Pokedex;
		};
		84B250DF20B4FE72003F940C /* PBXContainerItemProxy */ = {
			isa = PBXContainerItemProxy;
			containerPortal = 84B250B720B4FE72003F940C /* Project object */;
			proxyType = 1;
			remoteGlobalIDString = 84B250BE20B4FE72003F940C;
			remoteInfo = Pokedex;
		};
/* End PBXContainerItemProxy section */

/* Begin PBXFileReference section */
		062B6CCFD9B118DA71C8C556 /* Pods-Pokedex.debug.xcconfig */ = {isa = PBXFileReference; includeInIndex = 1; lastKnownFileType = text.xcconfig; name = "Pods-Pokedex.debug.xcconfig"; path = "Pods/Target Support Files/Pods-Pokedex/Pods-Pokedex.debug.xcconfig"; sourceTree = "<group>"; };
		8451770820B54434005BA907 /* CSV.swift */ = {isa = PBXFileReference; fileEncoding = 4; lastKnownFileType = sourcecode.swift; path = CSV.swift; sourceTree = "<group>"; };
		8451770A20B5495F005BA907 /* Pokemon Hollow.ttf */ = {isa = PBXFileReference; lastKnownFileType = file; path = "Pokemon Hollow.ttf"; sourceTree = "<group>"; };
		8451770B20B5495F005BA907 /* Pokemon Solid.ttf */ = {isa = PBXFileReference; lastKnownFileType = file; path = "Pokemon Solid.ttf"; sourceTree = "<group>"; };
		8451771020B54C25005BA907 /* music.mp3 */ = {isa = PBXFileReference; lastKnownFileType = audio.mp3; path = music.mp3; sourceTree = "<group>"; };
		8451771220B55D82005BA907 /* DetailViewController.swift */ = {isa = PBXFileReference; fileEncoding = 4; lastKnownFileType = sourcecode.swift; path = DetailViewController.swift; sourceTree = "<group>"; };
		84B250BF20B4FE72003F940C /* Pokedex.app */ = {isa = PBXFileReference; explicitFileType = wrapper.application; includeInIndex = 0; path = Pokedex.app; sourceTree = BUILT_PRODUCTS_DIR; };
		84B250C220B4FE72003F940C /* AppDelegate.swift */ = {isa = PBXFileReference; lastKnownFileType = sourcecode.swift; path = AppDelegate.swift; sourceTree = "<group>"; };
		84B250C420B4FE72003F940C /* MainViewController.swift */ = {isa = PBXFileReference; lastKnownFileType = sourcecode.swift; path = MainViewController.swift; sourceTree = "<group>"; };
		84B250C720B4FE72003F940C /* Base */ = {isa = PBXFileReference; lastKnownFileType = file.storyboard; name = Base; path = Base.lproj/Main.storyboard; sourceTree = "<group>"; };
		84B250C920B4FE72003F940C /* Assets.xcassets */ = {isa = PBXFileReference; lastKnownFileType = folder.assetcatalog; path = Assets.xcassets; sourceTree = "<group>"; };
		84B250CC20B4FE72003F940C /* Base */ = {isa = PBXFileReference; lastKnownFileType = file.storyboard; name = Base; path = Base.lproj/LaunchScreen.storyboard; sourceTree = "<group>"; };
		84B250CE20B4FE72003F940C /* Info.plist */ = {isa = PBXFileReference; lastKnownFileType = text.plist.xml; path = Info.plist; sourceTree = "<group>"; };
		84B250D320B4FE72003F940C /* PokedexTests.xctest */ = {isa = PBXFileReference; explicitFileType = wrapper.cfbundle; includeInIndex = 0; path = PokedexTests.xctest; sourceTree = BUILT_PRODUCTS_DIR; };
		84B250D720B4FE72003F940C /* PokedexTests.swift */ = {isa = PBXFileReference; lastKnownFileType = sourcecode.swift; path = PokedexTests.swift; sourceTree = "<group>"; };
		84B250D920B4FE72003F940C /* Info.plist */ = {isa = PBXFileReference; lastKnownFileType = text.plist.xml; path = Info.plist; sourceTree = "<group>"; };
		84B250DE20B4FE72003F940C /* PokedexUITests.xctest */ = {isa = PBXFileReference; explicitFileType = wrapper.cfbundle; includeInIndex = 0; path = PokedexUITests.xctest; sourceTree = BUILT_PRODUCTS_DIR; };
		84B250E220B4FE72003F940C /* PokedexUITests.swift */ = {isa = PBXFileReference; lastKnownFileType = sourcecode.swift; path = PokedexUITests.swift; sourceTree = "<group>"; };
		84B250E420B4FE72003F940C /* Info.plist */ = {isa = PBXFileReference; lastKnownFileType = text.plist.xml; path = Info.plist; sourceTree = "<group>"; };
		84B250F020B50236003F940C /* pokemon.csv */ = {isa = PBXFileReference; fileEncoding = 4; lastKnownFileType = text; path = pokemon.csv; sourceTree = "<group>"; };
		84B250F320B502FC003F940C /* Pokemon.swift */ = {isa = PBXFileReference; fileEncoding = 4; lastKnownFileType = sourcecode.swift; path = Pokemon.swift; sourceTree = "<group>"; };
		84B250F620B50DA5003F940C /* PokemonCell.swift */ = {isa = PBXFileReference; fileEncoding = 4; lastKnownFileType = sourcecode.swift; path = PokemonCell.swift; sourceTree = "<group>"; };
		84DDEA3F20B6593900622F1A /* Constants.swift */ = {isa = PBXFileReference; fileEncoding = 4; lastKnownFileType = sourcecode.swift; path = Constants.swift; sourceTree = "<group>"; };
		EC5738B9C349247F3ECDD6D8 /* Pods_Pokedex.framework */ = {isa = PBXFileReference; explicitFileType = wrapper.framework; includeInIndex = 0; path = Pods_Pokedex.framework; sourceTree = BUILT_PRODUCTS_DIR; };
		FAA0733285F8588D2DD130AB /* Pods-Pokedex.release.xcconfig */ = {isa = PBXFileReference; includeInIndex = 1; lastKnownFileType = text.xcconfig; name = "Pods-Pokedex.release.xcconfig"; path = "Pods/Target Support Files/Pods-Pokedex/Pods-Pokedex.release.xcconfig"; sourceTree = "<group>"; };
/* End PBXFileReference section */

/* Begin PBXFrameworksBuildPhase section */
		84B250BC20B4FE72003F940C /* Frameworks */ = {
			isa = PBXFrameworksBuildPhase;
			buildActionMask = 2147483647;
			files = (
				2999758770E23C8F4327A45C /* Pods_Pokedex.framework in Frameworks */,
			);
			runOnlyForDeploymentPostprocessing = 0;
		};
		84B250D020B4FE72003F940C /* Frameworks */ = {
			isa = PBXFrameworksBuildPhase;
			buildActionMask = 2147483647;
			files = (
			);
			runOnlyForDeploymentPostprocessing = 0;
		};
		84B250DB20B4FE72003F940C /* Frameworks */ = {
			isa = PBXFrameworksBuildPhase;
			buildActionMask = 2147483647;
			files = (
			);
			runOnlyForDeploymentPostprocessing = 0;
		};
/* End PBXFrameworksBuildPhase section */

/* Begin PBXGroup section */
		28F004AE5F82A38866E54C41 /* Pods */ = {
			isa = PBXGroup;
			children = (
				062B6CCFD9B118DA71C8C556 /* Pods-Pokedex.debug.xcconfig */,
				FAA0733285F8588D2DD130AB /* Pods-Pokedex.release.xcconfig */,
			);
			name = Pods;
			sourceTree = "<group>";
		};
		8451770E20B549A5005BA907 /* Resources */ = {
			isa = PBXGroup;
			children = (
				8451770A20B5495F005BA907 /* Pokemon Hollow.ttf */,
				8451770B20B5495F005BA907 /* Pokemon Solid.ttf */,
				84B250F020B50236003F940C /* pokemon.csv */,
				8451771020B54C25005BA907 /* music.mp3 */,
			);
			name = Resources;
			sourceTree = "<group>";
		};
		8451770F20B549D5005BA907 /* Util */ = {
			isa = PBXGroup;
			children = (
				8451770820B54434005BA907 /* CSV.swift */,
				84DDEA3F20B6593900622F1A /* Constants.swift */,
			);
			name = Util;
			sourceTree = "<group>";
		};
		84B250B620B4FE72003F940C = {
			isa = PBXGroup;
			children = (
				84B250C120B4FE72003F940C /* Pokedex */,
				84B250D620B4FE72003F940C /* PokedexTests */,
				84B250E120B4FE72003F940C /* PokedexUITests */,
				84B250C020B4FE72003F940C /* Products */,
				28F004AE5F82A38866E54C41 /* Pods */,
				F24AD96AEA44B4FE88F75000 /* Frameworks */,
			);
			sourceTree = "<group>";
		};
		84B250C020B4FE72003F940C /* Products */ = {
			isa = PBXGroup;
			children = (
				84B250BF20B4FE72003F940C /* Pokedex.app */,
				84B250D320B4FE72003F940C /* PokedexTests.xctest */,
				84B250DE20B4FE72003F940C /* PokedexUITests.xctest */,
			);
			name = Products;
			sourceTree = "<group>";
		};
		84B250C120B4FE72003F940C /* Pokedex */ = {
			isa = PBXGroup;
			children = (
				84B250F220B502EF003F940C /* Model */,
				84B250F520B50D78003F940C /* View */,
				84B250F820B50F17003F940C /* Controller */,
				8451770E20B549A5005BA907 /* Resources */,
				8451770F20B549D5005BA907 /* Util */,
				84B250C220B4FE72003F940C /* AppDelegate.swift */,
				84B250C620B4FE72003F940C /* Main.storyboard */,
				84B250C920B4FE72003F940C /* Assets.xcassets */,
				84B250CB20B4FE72003F940C /* LaunchScreen.storyboard */,
				84B250CE20B4FE72003F940C /* Info.plist */,
			);
			path = Pokedex;
			sourceTree = "<group>";
		};
		84B250D620B4FE72003F940C /* PokedexTests */ = {
			isa = PBXGroup;
			children = (
				84B250D720B4FE72003F940C /* PokedexTests.swift */,
				84B250D920B4FE72003F940C /* Info.plist */,
			);
			path = PokedexTests;
			sourceTree = "<group>";
		};
		84B250E120B4FE72003F940C /* PokedexUITests */ = {
			isa = PBXGroup;
			children = (
				84B250E220B4FE72003F940C /* PokedexUITests.swift */,
				84B250E420B4FE72003F940C /* Info.plist */,
			);
			path = PokedexUITests;
			sourceTree = "<group>";
		};
		84B250F220B502EF003F940C /* Model */ = {
			isa = PBXGroup;
			children = (
				84B250F320B502FC003F940C /* Pokemon.swift */,
			);
			name = Model;
			sourceTree = "<group>";
		};
		84B250F520B50D78003F940C /* View */ = {
			isa = PBXGroup;
			children = (
				84B250F620B50DA5003F940C /* PokemonCell.swift */,
			);
			name = View;
			sourceTree = "<group>";
		};
		84B250F820B50F17003F940C /* Controller */ = {
			isa = PBXGroup;
			children = (
				84B250C420B4FE72003F940C /* MainViewController.swift */,
				8451771220B55D82005BA907 /* DetailViewController.swift */,
			);
			name = Controller;
			sourceTree = "<group>";
		};
		F24AD96AEA44B4FE88F75000 /* Frameworks */ = {
			isa = PBXGroup;
			children = (
				EC5738B9C349247F3ECDD6D8 /* Pods_Pokedex.framework */,
			);
			name = Frameworks;
			sourceTree = "<group>";
		};
/* End PBXGroup section */

/* Begin PBXNativeTarget section */
		84B250BE20B4FE72003F940C /* Pokedex */ = {
			isa = PBXNativeTarget;
			buildConfigurationList = 84B250E720B4FE72003F940C /* Build configuration list for PBXNativeTarget "Pokedex" */;
			buildPhases = (
				C678267E2A70A0E8B95A85AD /* [CP] Check Pods Manifest.lock */,
				84B250BB20B4FE72003F940C /* Sources */,
				84B250BC20B4FE72003F940C /* Frameworks */,
				84B250BD20B4FE72003F940C /* Resources */,
				944685CD6B81BC52BBFA2BC7 /* [CP] Embed Pods Frameworks */,
			);
			buildRules = (
			);
			dependencies = (
			);
			name = Pokedex;
			productName = Pokedex;
			productReference = 84B250BF20B4FE72003F940C /* Pokedex.app */;
			productType = "com.apple.product-type.application";
		};
		84B250D220B4FE72003F940C /* PokedexTests */ = {
			isa = PBXNativeTarget;
			buildConfigurationList = 84B250EA20B4FE72003F940C /* Build configuration list for PBXNativeTarget "PokedexTests" */;
			buildPhases = (
				84B250CF20B4FE72003F940C /* Sources */,
				84B250D020B4FE72003F940C /* Frameworks */,
				84B250D120B4FE72003F940C /* Resources */,
			);
			buildRules = (
			);
			dependencies = (
				84B250D520B4FE72003F940C /* PBXTargetDependency */,
			);
			name = PokedexTests;
			productName = PokedexTests;
			productReference = 84B250D320B4FE72003F940C /* PokedexTests.xctest */;
			productType = "com.apple.product-type.bundle.unit-test";
		};
		84B250DD20B4FE72003F940C /* PokedexUITests */ = {
			isa = PBXNativeTarget;
			buildConfigurationList = 84B250ED20B4FE72003F940C /* Build configuration list for PBXNativeTarget "PokedexUITests" */;
			buildPhases = (
				84B250DA20B4FE72003F940C /* Sources */,
				84B250DB20B4FE72003F940C /* Frameworks */,
				84B250DC20B4FE72003F940C /* Resources */,
			);
			buildRules = (
			);
			dependencies = (
				84B250E020B4FE72003F940C /* PBXTargetDependency */,
			);
			name = PokedexUITests;
			productName = PokedexUITests;
			productReference = 84B250DE20B4FE72003F940C /* PokedexUITests.xctest */;
			productType = "com.apple.product-type.bundle.ui-testing";
		};
/* End PBXNativeTarget section */

/* Begin PBXProject section */
		84B250B720B4FE72003F940C /* Project object */ = {
			isa = PBXProject;
			attributes = {
				LastSwiftUpdateCheck = 0830;
				LastUpgradeCheck = 0830;
				ORGANIZATIONNAME = "Son Ho";
				TargetAttributes = {
					84B250BE20B4FE72003F940C = {
						CreatedOnToolsVersion = 8.3.3;
						LastSwiftMigration = 0830;
						ProvisioningStyle = Automatic;
					};
					84B250D220B4FE72003F940C = {
						CreatedOnToolsVersion = 8.3.3;
						LastSwiftMigration = 0830;
						ProvisioningStyle = Automatic;
						TestTargetID = 84B250BE20B4FE72003F940C;
					};
					84B250DD20B4FE72003F940C = {
						CreatedOnToolsVersion = 8.3.3;
						LastSwiftMigration = 0830;
						ProvisioningStyle = Automatic;
						TestTargetID = 84B250BE20B4FE72003F940C;
					};
				};
			};
			buildConfigurationList = 84B250BA20B4FE72003F940C /* Build configuration list for PBXProject "Pokedex" */;
			compatibilityVersion = "Xcode 3.2";
			developmentRegion = English;
			hasScannedForEncodings = 0;
			knownRegions = (
				en,
				Base,
			);
			mainGroup = 84B250B620B4FE72003F940C;
			productRefGroup = 84B250C020B4FE72003F940C /* Products */;
			projectDirPath = "";
			projectRoot = "";
			targets = (
				84B250BE20B4FE72003F940C /* Pokedex */,
				84B250D220B4FE72003F940C /* PokedexTests */,
				84B250DD20B4FE72003F940C /* PokedexUITests */,
			);
		};
/* End PBXProject section */

/* Begin PBXResourcesBuildPhase section */
		84B250BD20B4FE72003F940C /* Resources */ = {
			isa = PBXResourcesBuildPhase;
			buildActionMask = 2147483647;
			files = (
				84B250CD20B4FE72003F940C /* LaunchScreen.storyboard in Resources */,
				84B250CA20B4FE72003F940C /* Assets.xcassets in Resources */,
				8451770C20B5495F005BA907 /* Pokemon Hollow.ttf in Resources */,
				8451770D20B5495F005BA907 /* Pokemon Solid.ttf in Resources */,
				84B250F120B50236003F940C /* pokemon.csv in Resources */,
				8451771120B54C25005BA907 /* music.mp3 in Resources */,
				84B250C820B4FE72003F940C /* Main.storyboard in Resources */,
			);
			runOnlyForDeploymentPostprocessing = 0;
		};
		84B250D120B4FE72003F940C /* Resources */ = {
			isa = PBXResourcesBuildPhase;
			buildActionMask = 2147483647;
			files = (
			);
			runOnlyForDeploymentPostprocessing = 0;
		};
		84B250DC20B4FE72003F940C /* Resources */ = {
			isa = PBXResourcesBuildPhase;
			buildActionMask = 2147483647;
			files = (
			);
			runOnlyForDeploymentPostprocessing = 0;
		};
/* End PBXResourcesBuildPhase section */

/* Begin PBXShellScriptBuildPhase section */
		944685CD6B81BC52BBFA2BC7 /* [CP] Embed Pods Frameworks */ = {
			isa = PBXShellScriptBuildPhase;
			buildActionMask = 2147483647;
			files = (
			);
			inputPaths = (
				"${SRCROOT}/Pods/Target Support Files/Pods-Pokedex/Pods-Pokedex-frameworks.sh",
				"${BUILT_PRODUCTS_DIR}/Alamofire/Alamofire.framework",
			);
			name = "[CP] Embed Pods Frameworks";
			outputPaths = (
				"${TARGET_BUILD_DIR}/${FRAMEWORKS_FOLDER_PATH}/Alamofire.framework",
			);
			runOnlyForDeploymentPostprocessing = 0;
			shellPath = /bin/sh;
			shellScript = "\"${SRCROOT}/Pods/Target Support Files/Pods-Pokedex/Pods-Pokedex-frameworks.sh\"\n";
			showEnvVarsInLog = 0;
		};
		C678267E2A70A0E8B95A85AD /* [CP] Check Pods Manifest.lock */ = {
			isa = PBXShellScriptBuildPhase;
			buildActionMask = 2147483647;
			files = (
			);
			inputPaths = (
				"${PODS_PODFILE_DIR_PATH}/Podfile.lock",
				"${PODS_ROOT}/Manifest.lock",
			);
			name = "[CP] Check Pods Manifest.lock";
			outputPaths = (
				"$(DERIVED_FILE_DIR)/Pods-Pokedex-checkManifestLockResult.txt",
			);
			runOnlyForDeploymentPostprocessing = 0;
			shellPath = /bin/sh;
			shellScript = "diff \"${PODS_PODFILE_DIR_PATH}/Podfile.lock\" \"${PODS_ROOT}/Manifest.lock\" > /dev/null\nif [ $? != 0 ] ; then\n    # print error to STDERR\n    echo \"error: The sandbox is not in sync with the Podfile.lock. Run 'pod install' or update your CocoaPods installation.\" >&2\n    exit 1\nfi\n# This output is used by Xcode 'outputs' to avoid re-running this script phase.\necho \"SUCCESS\" > \"${SCRIPT_OUTPUT_FILE_0}\"\n";
			showEnvVarsInLog = 0;
		};
/* End PBXShellScriptBuildPhase section */

/* Begin PBXSourcesBuildPhase section */
		84B250BB20B4FE72003F940C /* Sources */ = {
			isa = PBXSourcesBuildPhase;
			buildActionMask = 2147483647;
			files = (
				84B250C520B4FE72003F940C /* MainViewController.swift in Sources */,
				84B250F720B50DA5003F940C /* PokemonCell.swift in Sources */,
				84B250F420B502FC003F940C /* Pokemon.swift in Sources */,
				8451771320B55D82005BA907 /* DetailViewController.swift in Sources */,
				84DDEA4020B6593900622F1A /* Constants.swift in Sources */,
				84B250C320B4FE72003F940C /* AppDelegate.swift in Sources */,
				8451770920B54434005BA907 /* CSV.swift in Sources */,
			);
			runOnlyForDeploymentPostprocessing = 0;
		};
		84B250CF20B4FE72003F940C /* Sources */ = {
			isa = PBXSourcesBuildPhase;
			buildActionMask = 2147483647;
			files = (
				84B250D820B4FE72003F940C /* PokedexTests.swift in Sources */,
			);
			runOnlyForDeploymentPostprocessing = 0;
		};
		84B250DA20B4FE72003F940C /* Sources */ = {
			isa = PBXSourcesBuildPhase;
			buildActionMask = 2147483647;
			files = (
				84B250E320B4FE72003F940C /* PokedexUITests.swift in Sources */,
			);
			runOnlyForDeploymentPostprocessing = 0;
		};
/* End PBXSourcesBuildPhase section */

/* Begin PBXTargetDependency section */
		84B250D520B4FE72003F940C /* PBXTargetDependency */ = {
			isa = PBXTargetDependency;
			target = 84B250BE20B4FE72003F940C /* Pokedex */;
			targetProxy = 84B250D420B4FE72003F940C /* PBXContainerItemProxy */;
		};
		84B250E020B4FE72003F940C /* PBXTargetDependency */ = {
			isa = PBXTargetDependency;
			target = 84B250BE20B4FE72003F940C /* Pokedex */;
			targetProxy = 84B250DF20B4FE72003F940C /* PBXContainerItemProxy */;
		};
/* End PBXTargetDependency section */

/* Begin PBXVariantGroup section */
		84B250C620B4FE72003F940C /* Main.storyboard */ = {
			isa = PBXVariantGroup;
			children = (
				84B250C720B4FE72003F940C /* Base */,
			);
			name = Main.storyboard;
			sourceTree = "<group>";
		};
		84B250CB20B4FE72003F940C /* LaunchScreen.storyboard */ = {
			isa = PBXVariantGroup;
			children = (
				84B250CC20B4FE72003F940C /* Base */,
			);
			name = LaunchScreen.storyboard;
			sourceTree = "<group>";
		};
/* End PBXVariantGroup section */

/* Begin XCBuildConfiguration section */
		84B250E520B4FE72003F940C /* Debug */ = {
			isa = XCBuildConfiguration;
			buildSettings = {
				ALWAYS_SEARCH_USER_PATHS = NO;
				CLANG_ANALYZER_NONNULL = YES;
				CLANG_ANALYZER_NUMBER_OBJECT_CONVERSION = YES_AGGRESSIVE;
				CLANG_CXX_LANGUAGE_STANDARD = "gnu++0x";
				CLANG_CXX_LIBRARY = "libc++";
				CLANG_ENABLE_MODULES = YES;
				CLANG_ENABLE_OBJC_ARC = YES;
				CLANG_WARN_BOOL_CONVERSION = YES;
				CLANG_WARN_CONSTANT_CONVERSION = YES;
				CLANG_WARN_DIRECT_OBJC_ISA_USAGE = YES_ERROR;
				CLANG_WARN_DOCUMENTATION_COMMENTS = YES;
				CLANG_WARN_EMPTY_BODY = YES;
				CLANG_WARN_ENUM_CONVERSION = YES;
				CLANG_WARN_INFINITE_RECURSION = YES;
				CLANG_WARN_INT_CONVERSION = YES;
				CLANG_WARN_OBJC_ROOT_CLASS = YES_ERROR;
				CLANG_WARN_SUSPICIOUS_MOVE = YES;
				CLANG_WARN_UNREACHABLE_CODE = YES;
				CLANG_WARN__DUPLICATE_METHOD_MATCH = YES;
				"CODE_SIGN_IDENTITY[sdk=iphoneos*]" = "iPhone Developer";
				COPY_PHASE_STRIP = NO;
				DEBUG_INFORMATION_FORMAT = dwarf;
				ENABLE_STRICT_OBJC_MSGSEND = YES;
				ENABLE_TESTABILITY = YES;
				GCC_C_LANGUAGE_STANDARD = gnu99;
				GCC_DYNAMIC_NO_PIC = NO;
				GCC_NO_COMMON_BLOCKS = YES;
				GCC_OPTIMIZATION_LEVEL = 0;
				GCC_PREPROCESSOR_DEFINITIONS = (
					"DEBUG=1",
					"$(inherited)",
				);
				GCC_WARN_64_TO_32_BIT_CONVERSION = YES;
				GCC_WARN_ABOUT_RETURN_TYPE = YES_ERROR;
				GCC_WARN_UNDECLARED_SELECTOR = YES;
				GCC_WARN_UNINITIALIZED_AUTOS = YES_AGGRESSIVE;
				GCC_WARN_UNUSED_FUNCTION = YES;
				GCC_WARN_UNUSED_VARIABLE = YES;
				IPHONEOS_DEPLOYMENT_TARGET = 10.3;
				MTL_ENABLE_DEBUG_INFO = YES;
				ONLY_ACTIVE_ARCH = YES;
				SDKROOT = iphoneos;
				SWIFT_ACTIVE_COMPILATION_CONDITIONS = DEBUG;
				SWIFT_OPTIMIZATION_LEVEL = "-Onone";
				TARGETED_DEVICE_FAMILY = "1,2";
			};
			name = Debug;
		};
		84B250E620B4FE72003F940C /* Release */ = {
			isa = XCBuildConfiguration;
			buildSettings = {
				ALWAYS_SEARCH_USER_PATHS = NO;
				CLANG_ANALYZER_NONNULL = YES;
				CLANG_ANALYZER_NUMBER_OBJECT_CONVERSION = YES_AGGRESSIVE;
				CLANG_CXX_LANGUAGE_STANDARD = "gnu++0x";
				CLANG_CXX_LIBRARY = "libc++";
				CLANG_ENABLE_MODULES = YES;
				CLANG_ENABLE_OBJC_ARC = YES;
				CLANG_WARN_BOOL_CONVERSION = YES;
				CLANG_WARN_CONSTANT_CONVERSION = YES;
				CLANG_WARN_DIRECT_OBJC_ISA_USAGE = YES_ERROR;
				CLANG_WARN_DOCUMENTATION_COMMENTS = YES;
				CLANG_WARN_EMPTY_BODY = YES;
				CLANG_WARN_ENUM_CONVERSION = YES;
				CLANG_WARN_INFINITE_RECURSION = YES;
				CLANG_WARN_INT_CONVERSION = YES;
				CLANG_WARN_OBJC_ROOT_CLASS = YES_ERROR;
				CLANG_WARN_SUSPICIOUS_MOVE = YES;
				CLANG_WARN_UNREACHABLE_CODE = YES;
				CLANG_WARN__DUPLICATE_METHOD_MATCH = YES;
				"CODE_SIGN_IDENTITY[sdk=iphoneos*]" = "iPhone Developer";
				COPY_PHASE_STRIP = NO;
				DEBUG_INFORMATION_FORMAT = "dwarf-with-dsym";
				ENABLE_NS_ASSERTIONS = NO;
				ENABLE_STRICT_OBJC_MSGSEND = YES;
				GCC_C_LANGUAGE_STANDARD = gnu99;
				GCC_NO_COMMON_BLOCKS = YES;
				GCC_WARN_64_TO_32_BIT_CONVERSION = YES;
				GCC_WARN_ABOUT_RETURN_TYPE = YES_ERROR;
				GCC_WARN_UNDECLARED_SELECTOR = YES;
				GCC_WARN_UNINITIALIZED_AUTOS = YES_AGGRESSIVE;
				GCC_WARN_UNUSED_FUNCTION = YES;
				GCC_WARN_UNUSED_VARIABLE = YES;
				IPHONEOS_DEPLOYMENT_TARGET = 10.3;
				MTL_ENABLE_DEBUG_INFO = NO;
				SDKROOT = iphoneos;
				SWIFT_OPTIMIZATION_LEVEL = "-Owholemodule";
				TARGETED_DEVICE_FAMILY = "1,2";
				VALIDATE_PRODUCT = YES;
			};
			name = Release;
		};
		84B250E820B4FE72003F940C /* Debug */ = {
			isa = XCBuildConfiguration;
			baseConfigurationReference = 062B6CCFD9B118DA71C8C556 /* Pods-Pokedex.debug.xcconfig */;
			buildSettings = {
				ASSETCATALOG_COMPILER_APPICON_NAME = AppIcon;
				INFOPLIST_FILE = Pokedex/Info.plist;
				LD_RUNPATH_SEARCH_PATHS = "$(inherited) @executable_path/Frameworks";
				PRODUCT_BUNDLE_IDENTIFIER = com.sonhnlab.Pokedex;
				PRODUCT_NAME = "$(TARGET_NAME)";
				SWIFT_VERSION = 3.0;
			};
			name = Debug;
		};
		84B250E920B4FE72003F940C /* Release */ = {
			isa = XCBuildConfiguration;
			baseConfigurationReference = FAA0733285F8588D2DD130AB /* Pods-Pokedex.release.xcconfig */;
			buildSettings = {
				ASSETCATALOG_COMPILER_APPICON_NAME = AppIcon;
				INFOPLIST_FILE = Pokedex/Info.plist;
				LD_RUNPATH_SEARCH_PATHS = "$(inherited) @executable_path/Frameworks";
				PRODUCT_BUNDLE_IDENTIFIER = com.sonhnlab.Pokedex;
				PRODUCT_NAME = "$(TARGET_NAME)";
				SWIFT_VERSION = 3.0;
			};
			name = Release;
		};
		84B250EB20B4FE72003F940C /* Debug */ = {
			isa = XCBuildConfiguration;
			buildSettings = {
				ALWAYS_EMBED_SWIFT_STANDARD_LIBRARIES = YES;
				BUNDLE_LOADER = "$(TEST_HOST)";
				INFOPLIST_FILE = PokedexTests/Info.plist;
				LD_RUNPATH_SEARCH_PATHS = "$(inherited) @executable_path/Frameworks @loader_path/Frameworks";
				PRODUCT_BUNDLE_IDENTIFIER = com.sonhnlab.PokedexTests;
				PRODUCT_NAME = "$(TARGET_NAME)";
				SWIFT_VERSION = 3.0;
				TEST_HOST = "$(BUILT_PRODUCTS_DIR)/Pokedex.app/Pokedex";
			};
			name = Debug;
		};
		84B250EC20B4FE72003F940C /* Release */ = {
			isa = XCBuildConfiguration;
			buildSettings = {
				ALWAYS_EMBED_SWIFT_STANDARD_LIBRARIES = YES;
				BUNDLE_LOADER = "$(TEST_HOST)";
				INFOPLIST_FILE = PokedexTests/Info.plist;
				LD_RUNPATH_SEARCH_PATHS = "$(inherited) @executable_path/Frameworks @loader_path/Frameworks";
				PRODUCT_BUNDLE_IDENTIFIER = com.sonhnlab.PokedexTests;
				PRODUCT_NAME = "$(TARGET_NAME)";
				SWIFT_VERSION = 3.0;
				TEST_HOST = "$(BUILT_PRODUCTS_DIR)/Pokedex.app/Pokedex";
			};
			name = Release;
		};
		84B250EE20B4FE72003F940C /* Debug */ = {
			isa = XCBuildConfiguration;
			buildSettings = {
				ALWAYS_EMBED_SWIFT_STANDARD_LIBRARIES = YES;
				INFOPLIST_FILE = PokedexUITests/Info.plist;
				LD_RUNPATH_SEARCH_PATHS = "$(inherited) @executable_path/Frameworks @loader_path/Frameworks";
				PRODUCT_BUNDLE_IDENTIFIER = com.sonhnlab.PokedexUITests;
				PRODUCT_NAME = "$(TARGET_NAME)";
				SWIFT_VERSION = 3.0;
				TEST_TARGET_NAME = Pokedex;
			};
			name = Debug;
		};
		84B250EF20B4FE72003F940C /* Release */ = {
			isa = XCBuildConfiguration;
			buildSettings = {
				ALWAYS_EMBED_SWIFT_STANDARD_LIBRARIES = YES;
				INFOPLIST_FILE = PokedexUITests/Info.plist;
				LD_RUNPATH_SEARCH_PATHS = "$(inherited) @executable_path/Frameworks @loader_path/Frameworks";
				PRODUCT_BUNDLE_IDENTIFIER = com.sonhnlab.PokedexUITests;
				PRODUCT_NAME = "$(TARGET_NAME)";
				SWIFT_VERSION = 3.0;
				TEST_TARGET_NAME = Pokedex;
			};
			name = Release;
		};
/* End XCBuildConfiguration section */

/* Begin XCConfigurationList section */
		84B250BA20B4FE72003F940C /* Build configuration list for PBXProject "Pokedex" */ = {
			isa = XCConfigurationList;
			buildConfigurations = (
				84B250E520B4FE72003F940C /* Debug */,
				84B250E620B4FE72003F940C /* Release */,
			);
			defaultConfigurationIsVisible = 0;
			defaultConfigurationName = Release;
		};
		84B250E720B4FE72003F940C /* Build configuration list for PBXNativeTarget "Pokedex" */ = {
			isa = XCConfigurationList;
			buildConfigurations = (
				84B250E820B4FE72003F940C /* Debug */,
				84B250E920B4FE72003F940C /* Release */,
			);
			defaultConfigurationIsVisible = 0;
			defaultConfigurationName = Release;
		};
		84B250EA20B4FE72003F940C /* Build configuration list for PBXNativeTarget "PokedexTests" */ = {
			isa = XCConfigurationList;
			buildConfigurations = (
				84B250EB20B4FE72003F940C /* Debug */,
				84B250EC20B4FE72003F940C /* Release */,
			);
			defaultConfigurationIsVisible = 0;
			defaultConfigurationName = Release;
		};
		84B250ED20B4FE72003F940C /* Build configuration list for PBXNativeTarget "PokedexUITests" */ = {
			isa = XCConfigurationList;
			buildConfigurations = (
				84B250EE20B4FE72003F940C /* Debug */,
				84B250EF20B4FE72003F940C /* Release */,
			);
			defaultConfigurationIsVisible = 0;
			defaultConfigurationName = Release;
		};
/* End XCConfigurationList section */
	};
	rootObject = 84B250B720B4FE72003F940C /* Project object */;
}
