// !$*UTF8*$!
{
	archiveVersion = 1;
	classes = {
	};
	objectVersion = 46;
	objects = {

/* Begin PBXBuildFile section */
		84B250C320B4FE72003F940C /* AppDelegate.swift in Sources */ = {isa = PBXBuildFile; fileRef = 84B250C220B4FE72003F940C /* AppDelegate.swift */; };
		84B250C520B4FE72003F940C /* ViewController.swift in Sources */ = {isa = PBXBuildFile; fileRef = 84B250C420B4FE72003F940C /* ViewController.swift */; };
		84B250C820B4FE72003F940C /* Main.storyboard in Resources */ = {isa = PBXBuildFile; fileRef = 84B250C620B4FE72003F940C /* Main.storyboard */; };
		84B250CA20B4FE72003F940C /* Assets.xcassets in Resources */ = {isa = PBXBuildFile; fileRef = 84B250C920B4FE72003F940C /* Assets.xcassets */; };
		84B250CD20B4FE72003F940C /* LaunchScreen.storyboard in Resources */ = {isa = PBXBuildFile; fileRef = 84B250CB20B4FE72003F940C /* LaunchScreen.storyboard */; };
		84B250D820B4FE72003F940C /* PokedexTests.swift in Sources */ = {isa = PBXBuildFile; fileRef = 84B250D720B4FE72003F940C /* PokedexTests.swift */; };
		84B250E320B4FE72003F940C /* PokedexUITests.swift in Sources */ = {isa = PBXBuildFile; fileRef = 84B250E220B4FE72003F940C /* PokedexUITests.swift */; };
/* End PBXBuildFile section */

/* Begin PBXContainerItemProxy section */
		84B250D420B4FE72003F940C /* PBXContainerItemProxy */ = {
			isa = PBXContainerItemProxy;
			containerPortal = 84B250B720B4FE72003F940C /* Project object */;
			proxyType = 1;
			remoteGlobalIDString = 84B250BE20B4FE72003F940C;
			remoteInfo = Pokedex;
		};
		84B250DF20B4FE72003F940C /* PBXContainerItemProxy */ = {
			isa = PBXContainerItemProxy;
			containerPortal = 84B250B720B4FE72003F940C /* Project object */;
			proxyType = 1;
			remoteGlobalIDString = 84B250BE20B4FE72003F940C;
			remoteInfo = Pokedex;
		};
/* End PBXContainerItemProxy section */

/* Begin PBXFileReference section */
		84B250BF20B4FE72003F940C /* Pokedex.app */ = {isa = PBXFileReference; explicitFileType = wrapper.application; includeInIndex = 0; path = Pokedex.app; sourceTree = BUILT_PRODUCTS_DIR; };
		84B250C220B4FE72003F940C /* AppDelegate.swift */ = {isa = PBXFileReference; lastKnownFileType = sourcecode.swift; path = AppDelegate.swift; sourceTree = "<group>"; };
		84B250C420B4FE72003F940C /* ViewController.swift */ = {isa = PBXFileReference; lastKnownFileType = sourcecode.swift; path = ViewController.swift; sourceTree = "<group>"; };
		84B250C720B4FE72003F940C /* Base */ = {isa = PBXFileReference; lastKnownFileType = file.storyboard; name = Base; path = Base.lproj/Main.storyboard; sourceTree = "<group>"; };
		84B250C920B4FE72003F940C /* Assets.xcassets */ = {isa = PBXFileReference; lastKnownFileType = folder.assetcatalog; path = Assets.xcassets; sourceTree = "<group>"; };
		84B250CC20B4FE72003F940C /* Base */ = {isa = PBXFileReference; lastKnownFileType = file.storyboard; name = Base; path = Base.lproj/LaunchScreen.storyboard; sourceTree = "<group>"; };
		84B250CE20B4FE72003F940C /* Info.plist */ = {isa = PBXFileReference; lastKnownFileType = text.plist.xml; path = Info.plist; sourceTree = "<group>"; };
		84B250D320B4FE72003F940C /* PokedexTests.xctest */ = {isa = PBXFileReference; explicitFileType = wrapper.cfbundle; includeInIndex = 0; path = PokedexTests.xctest; sourceTree = BUILT_PRODUCTS_DIR; };
		84B250D720B4FE72003F940C /* PokedexTests.swift */ = {isa = PBXFileReference; lastKnownFileType = sourcecode.swift; path = PokedexTests.swift; sourceTree = "<group>"; };
		84B250D920B4FE72003F940C /* Info.plist */ = {isa = PBXFileReference; lastKnownFileType = text.plist.xml; path = Info.plist; sourceTree = "<group>"; };
		84B250DE20B4FE72003F940C /* PokedexUITests.xctest */ = {isa = PBXFileReference; explicitFileType = wrapper.cfbundle; includeInIndex = 0; path = PokedexUITests.xctest; sourceTree = BUILT_PRODUCTS_DIR; };
		84B250E220B4FE72003F940C /* PokedexUITests.swift */ = {isa = PBXFileReference; lastKnownFileType = sourcecode.swift; path = PokedexUITests.swift; sourceTree = "<group>"; };
		84B250E420B4FE72003F940C /* Info.plist */ = {isa = PBXFileReference; lastKnownFileType = text.plist.xml; path = Info.plist; sourceTree = "<group>"; };
/* End PBXFileReference section */

/* Begin PBXFrameworksBuildPhase section */
		84B250BC20B4FE72003F940C /* Frameworks */ = {
			isa = PBXFrameworksBuildPhase;
			buildActionMask = 2147483647;
			files = (
			);
			runOnlyForDeploymentPostprocessing = 0;
		};
		84B250D020B4FE72003F940C /* Frameworks */ = {
			isa = PBXFrameworksBuildPhase;
			buildActionMask = 2147483647;
			files = (
			);
			runOnlyForDeploymentPostprocessing = 0;
		};
		84B250DB20B4FE72003F940C /* Frameworks */ = {
			isa = PBXFrameworksBuildPhase;
			buildActionMask = 2147483647;
			files = (
			);
			runOnlyForDeploymentPostprocessing = 0;
		};
/* End PBXFrameworksBuildPhase section */

/* Begin PBXGroup section */
		84B250B620B4FE72003F940C = {
			isa = PBXGroup;
			children = (
				84B250C120B4FE72003F940C /* Pokedex */,
				84B250D620B4FE72003F940C /* PokedexTests */,
				84B250E120B4FE72003F940C /* PokedexUITests */,
				84B250C020B4FE72003F940C /* Products */,
			);
			sourceTree = "<group>";
		};
		84B250C020B4FE72003F940C /* Products */ = {
			isa = PBXGroup;
			children = (
				84B250BF20B4FE72003F940C /* Pokedex.app */,
				84B250D320B4FE72003F940C /* PokedexTests.xctest */,
				84B250DE20B4FE72003F940C /* PokedexUITests.xctest */,
			);
			name = Products;
			sourceTree = "<group>";
		};
		84B250C120B4FE72003F940C /* Pokedex */ = {
			isa = PBXGroup;
			children = (
				84B250C220B4FE72003F940C /* AppDelegate.swift */,
				84B250C420B4FE72003F940C /* ViewController.swift */,
				84B250C620B4FE72003F940C /* Main.storyboard */,
				84B250C920B4FE72003F940C /* Assets.xcassets */,
				84B250CB20B4FE72003F940C /* LaunchScreen.storyboard */,
				84B250CE20B4FE72003F940C /* Info.plist */,
			);
			path = Pokedex;
			sourceTree = "<group>";
		};
		84B250D620B4FE72003F940C /* PokedexTests */ = {
			isa = PBXGroup;
			children = (
				84B250D720B4FE72003F940C /* PokedexTests.swift */,
				84B250D920B4FE72003F940C /* Info.plist */,
			);
			path = PokedexTests;
			sourceTree = "<group>";
		};
		84B250E120B4FE72003F940C /* PokedexUITests */ = {
			isa = PBXGroup;
			children = (
				84B250E220B4FE72003F940C /* PokedexUITests.swift */,
				84B250E420B4FE72003F940C /* Info.plist */,
			);
			path = PokedexUITests;
			sourceTree = "<group>";
		};
/* End PBXGroup section */

/* Begin PBXNativeTarget section */
		84B250BE20B4FE72003F940C /* Pokedex */ = {
			isa = PBXNativeTarget;
			buildConfigurationList = 84B250E720B4FE72003F940C /* Build configuration list for PBXNativeTarget "Pokedex" */;
			buildPhases = (
				84B250BB20B4FE72003F940C /* Sources */,
				84B250BC20B4FE72003F940C /* Frameworks */,
				84B250BD20B4FE72003F940C /* Resources */,
			);
			buildRules = (
			);
			dependencies = (
			);
			name = Pokedex;
			productName = Pokedex;
			productReference = 84B250BF20B4FE72003F940C /* Pokedex.app */;
			productType = "com.apple.product-type.application";
		};
		84B250D220B4FE72003F940C /* PokedexTests */ = {
			isa = PBXNativeTarget;
			buildConfigurationList = 84B250EA20B4FE72003F940C /* Build configuration list for PBXNativeTarget "PokedexTests" */;
			buildPhases = (
				84B250CF20B4FE72003F940C /* Sources */,
				84B250D020B4FE72003F940C /* Frameworks */,
				84B250D120B4FE72003F940C /* Resources */,
			);
			buildRules = (
			);
			dependencies = (
				84B250D520B4FE72003F940C /* PBXTargetDependency */,
			);
			name = PokedexTests;
			productName = PokedexTests;
			productReference = 84B250D320B4FE72003F940C /* PokedexTests.xctest */;
			productType = "com.apple.product-type.bundle.unit-test";
		};
		84B250DD20B4FE72003F940C /* PokedexUITests */ = {
			isa = PBXNativeTarget;
			buildConfigurationList = 84B250ED20B4FE72003F940C /* Build configuration list for PBXNativeTarget "PokedexUITests" */;
			buildPhases = (
				84B250DA20B4FE72003F940C /* Sources */,
				84B250DB20B4FE72003F940C /* Frameworks */,
				84B250DC20B4FE72003F940C /* Resources */,
			);
			buildRules = (
			);
			dependencies = (
				84B250E020B4FE72003F940C /* PBXTargetDependency */,
			);
			name = PokedexUITests;
			productName = PokedexUITests;
			productReference = 84B250DE20B4FE72003F940C /* PokedexUITests.xctest */;
			productType = "com.apple.product-type.bundle.ui-testing";
		};
/* End PBXNativeTarget section */

/* Begin PBXProject section */
		84B250B720B4FE72003F940C /* Project object */ = {
			isa = PBXProject;
			attributes = {
				LastSwiftUpdateCheck = 0830;
				LastUpgradeCheck = 0830;
				ORGANIZATIONNAME = "Son Ho";
				TargetAttributes = {
					84B250BE20B4FE72003F940C = {
						CreatedOnToolsVersion = 8.3.3;
						ProvisioningStyle = Automatic;
					};
					84B250D220B4FE72003F940C = {
						CreatedOnToolsVersion = 8.3.3;
						ProvisioningStyle = Automatic;
						TestTargetID = 84B250BE20B4FE72003F940C;
					};
					84B250DD20B4FE72003F940C = {
						CreatedOnToolsVersion = 8.3.3;
						ProvisioningStyle = Automatic;
						TestTargetID = 84B250BE20B4FE72003F940C;
					};
				};
			};
			buildConfigurationList = 84B250BA20B4FE72003F940C /* Build configuration list for PBXProject "Pokedex" */;
			compatibilityVersion = "Xcode 3.2";
			developmentRegion = English;
			hasScannedForEncodings = 0;
			knownRegions = (
				en,
				Base,
			);
			mainGroup = 84B250B620B4FE72003F940C;
			productRefGroup = 84B250C020B4FE72003F940C /* Products */;
			projectDirPath = "";
			projectRoot = "";
			targets = (
				84B250BE20B4FE72003F940C /* Pokedex */,
				84B250D220B4FE72003F940C /* PokedexTests */,
				84B250DD20B4FE72003F940C /* PokedexUITests */,
			);
		};
/* End PBXProject section */

/* Begin PBXResourcesBuildPhase section */
		84B250BD20B4FE72003F940C /* Resources */ = {
			isa = PBXResourcesBuildPhase;
			buildActionMask = 2147483647;
			files = (
				84B250CD20B4FE72003F940C /* LaunchScreen.storyboard in Resources */,
				84B250CA20B4FE72003F940C /* Assets.xcassets in Resources */,
				84B250C820B4FE72003F940C /* Main.storyboard in Resources */,
			);
			runOnlyForDeploymentPostprocessing = 0;
		};
		84B250D120B4FE72003F940C /* Resources */ = {
			isa = PBXResourcesBuildPhase;
			buildActionMask = 2147483647;
			files = (
			);
			runOnlyForDeploymentPostprocessing = 0;
		};
		84B250DC20B4FE72003F940C /* Resources */ = {
			isa = PBXResourcesBuildPhase;
			buildActionMask = 2147483647;
			files = (
			);
			runOnlyForDeploymentPostprocessing = 0;
		};
/* End PBXResourcesBuildPhase section */

/* Begin PBXSourcesBuildPhase section */
		84B250BB20B4FE72003F940C /* Sources */ = {
			isa = PBXSourcesBuildPhase;
			buildActionMask = 2147483647;
			files = (
				84B250C520B4FE72003F940C /* ViewController.swift in Sources */,
				84B250C320B4FE72003F940C /* AppDelegate.swift in Sources */,
			);
			runOnlyForDeploymentPostprocessing = 0;
		};
		84B250CF20B4FE72003F940C /* Sources */ = {
			isa = PBXSourcesBuildPhase;
			buildActionMask = 2147483647;
			files = (
				84B250D820B4FE72003F940C /* PokedexTests.swift in Sources */,
			);
			runOnlyForDeploymentPostprocessing = 0;
		};
		84B250DA20B4FE72003F940C /* Sources */ = {
			isa = PBXSourcesBuildPhase;
			buildActionMask = 2147483647;
			files = (
				84B250E320B4FE72003F940C /* PokedexUITests.swift in Sources */,
			);
			runOnlyForDeploymentPostprocessing = 0;
		};
/* End PBXSourcesBuildPhase section */

/* Begin PBXTargetDependency section */
		84B250D520B4FE72003F940C /* PBXTargetDependency */ = {
			isa = PBXTargetDependency;
			target = 84B250BE20B4FE72003F940C /* Pokedex */;
			targetProxy = 84B250D420B4FE72003F940C /* PBXContainerItemProxy */;
		};
		84B250E020B4FE72003F940C /* PBXTargetDependency */ = {
			isa = PBXTargetDependency;
			target = 84B250BE20B4FE72003F940C /* Pokedex */;
			targetProxy = 84B250DF20B4FE72003F940C /* PBXContainerItemProxy */;
		};
/* End PBXTargetDependency section */

/* Begin PBXVariantGroup section */
		84B250C620B4FE72003F940C /* Main.storyboard */ = {
			isa = PBXVariantGroup;
			children = (
				84B250C720B4FE72003F940C /* Base */,
			);
			name = Main.storyboard;
			sourceTree = "<group>";
		};
		84B250CB20B4FE72003F940C /* LaunchScreen.storyboard */ = {
			isa = PBXVariantGroup;
			children = (
				84B250CC20B4FE72003F940C /* Base */,
			);
			name = LaunchScreen.storyboard;
			sourceTree = "<group>";
		};
/* End PBXVariantGroup section */

/* Begin XCBuildConfiguration section */
		84B250E520B4FE72003F940C /* Debug */ = {
			isa = XCBuildConfiguration;
			buildSettings = {
				ALWAYS_SEARCH_USER_PATHS = NO;
				CLANG_ANALYZER_NONNULL = YES;
				CLANG_ANALYZER_NUMBER_OBJECT_CONVERSION = YES_AGGRESSIVE;
				CLANG_CXX_LANGUAGE_STANDARD = "gnu++0x";
				CLANG_CXX_LIBRARY = "libc++";
				CLANG_ENABLE_MODULES = YES;
				CLANG_ENABLE_OBJC_ARC = YES;
				CLANG_WARN_BOOL_CONVERSION = YES;
				CLANG_WARN_CONSTANT_CONVERSION = YES;
				CLANG_WARN_DIRECT_OBJC_ISA_USAGE = YES_ERROR;
				CLANG_WARN_DOCUMENTATION_COMMENTS = YES;
				CLANG_WARN_EMPTY_BODY = YES;
				CLANG_WARN_ENUM_CONVERSION = YES;
				CLANG_WARN_INFINITE_RECURSION = YES;
				CLANG_WARN_INT_CONVERSION = YES;
				CLANG_WARN_OBJC_ROOT_CLASS = YES_ERROR;
				CLANG_WARN_SUSPICIOUS_MOVE = YES;
				CLANG_WARN_UNREACHABLE_CODE = YES;
				CLANG_WARN__DUPLICATE_METHOD_MATCH = YES;
				"CODE_SIGN_IDENTITY[sdk=iphoneos*]" = "iPhone Developer";
				COPY_PHASE_STRIP = NO;
				DEBUG_INFORMATION_FORMAT = dwarf;
				ENABLE_STRICT_OBJC_MSGSEND = YES;
				ENABLE_TESTABILITY = YES;
				GCC_C_LANGUAGE_STANDARD = gnu99;
				GCC_DYNAMIC_NO_PIC = NO;
				GCC_NO_COMMON_BLOCKS = YES;
				GCC_OPTIMIZATION_LEVEL = 0;
				GCC_PREPROCESSOR_DEFINITIONS = (
					"DEBUG=1",
					"$(inherited)",
				);
				GCC_WARN_64_TO_32_BIT_CONVERSION = YES;
				GCC_WARN_ABOUT_RETURN_TYPE = YES_ERROR;
				GCC_WARN_UNDECLARED_SELECTOR = YES;
				GCC_WARN_UNINITIALIZED_AUTOS = YES_AGGRESSIVE;
				GCC_WARN_UNUSED_FUNCTION = YES;
				GCC_WARN_UNUSED_VARIABLE = YES;
				IPHONEOS_DEPLOYMENT_TARGET = 10.3;
				MTL_ENABLE_DEBUG_INFO = YES;
				ONLY_ACTIVE_ARCH = YES;
				SDKROOT = iphoneos;
				SWIFT_ACTIVE_COMPILATION_CONDITIONS = DEBUG;
				SWIFT_OPTIMIZATION_LEVEL = "-Onone";
				TARGETED_DEVICE_FAMILY = "1,2";
			};
			name = Debug;
		};
		84B250E620B4FE72003F940C /* Release */ = {
			isa = XCBuildConfiguration;
			buildSettings = {
				ALWAYS_SEARCH_USER_PATHS = NO;
				CLANG_ANALYZER_NONNULL = YES;
				CLANG_ANALYZER_NUMBER_OBJECT_CONVERSION = YES_AGGRESSIVE;
				CLANG_CXX_LANGUAGE_STANDARD = "gnu++0x";
				CLANG_CXX_LIBRARY = "libc++";
				CLANG_ENABLE_MODULES = YES;
				CLANG_ENABLE_OBJC_ARC = YES;
				CLANG_WARN_BOOL_CONVERSION = YES;
				CLANG_WARN_CONSTANT_CONVERSION = YES;
				CLANG_WARN_DIRECT_OBJC_ISA_USAGE = YES_ERROR;
				CLANG_WARN_DOCUMENTATION_COMMENTS = YES;
				CLANG_WARN_EMPTY_BODY = YES;
				CLANG_WARN_ENUM_CONVERSION = YES;
				CLANG_WARN_INFINITE_RECURSION = YES;
				CLANG_WARN_INT_CONVERSION = YES;
				CLANG_WARN_OBJC_ROOT_CLASS = YES_ERROR;
				CLANG_WARN_SUSPICIOUS_MOVE = YES;
				CLANG_WARN_UNREACHABLE_CODE = YES;
				CLANG_WARN__DUPLICATE_METHOD_MATCH = YES;
				"CODE_SIGN_IDENTITY[sdk=iphoneos*]" = "iPhone Developer";
				COPY_PHASE_STRIP = NO;
				DEBUG_INFORMATION_FORMAT = "dwarf-with-dsym";
				ENABLE_NS_ASSERTIONS = NO;
				ENABLE_STRICT_OBJC_MSGSEND = YES;
				GCC_C_LANGUAGE_STANDARD = gnu99;
				GCC_NO_COMMON_BLOCKS = YES;
				GCC_WARN_64_TO_32_BIT_CONVERSION = YES;
				GCC_WARN_ABOUT_RETURN_TYPE = YES_ERROR;
				GCC_WARN_UNDECLARED_SELECTOR = YES;
				GCC_WARN_UNINITIALIZED_AUTOS = YES_AGGRESSIVE;
				GCC_WARN_UNUSED_FUNCTION = YES;
				GCC_WARN_UNUSED_VARIABLE = YES;
				IPHONEOS_DEPLOYMENT_TARGET = 10.3;
				MTL_ENABLE_DEBUG_INFO = NO;
				SDKROOT = iphoneos;
				SWIFT_OPTIMIZATION_LEVEL = "-Owholemodule";
				TARGETED_DEVICE_FAMILY = "1,2";
				VALIDATE_PRODUCT = YES;
			};
			name = Release;
		};
		84B250E820B4FE72003F940C /* Debug */ = {
			isa = XCBuildConfiguration;
			buildSettings = {
				ASSETCATALOG_COMPILER_APPICON_NAME = AppIcon;
				INFOPLIST_FILE = Pokedex/Info.plist;
				LD_RUNPATH_SEARCH_PATHS = "$(inherited) @executable_path/Frameworks";
				PRODUCT_BUNDLE_IDENTIFIER = com.sonhnlab.Pokedex;
				PRODUCT_NAME = "$(TARGET_NAME)";
				SWIFT_VERSION = 3.0;
			};
			name = Debug;
		};
		84B250E920B4FE72003F940C /* Release */ = {
			isa = XCBuildConfiguration;
			buildSettings = {
				ASSETCATALOG_COMPILER_APPICON_NAME = AppIcon;
				INFOPLIST_FILE = Pokedex/Info.plist;
				LD_RUNPATH_SEARCH_PATHS = "$(inherited) @executable_path/Frameworks";
				PRODUCT_BUNDLE_IDENTIFIER = com.sonhnlab.Pokedex;
				PRODUCT_NAME = "$(TARGET_NAME)";
				SWIFT_VERSION = 3.0;
			};
			name = Release;
		};
		84B250EB20B4FE72003F940C /* Debug */ = {
			isa = XCBuildConfiguration;
			buildSettings = {
				ALWAYS_EMBED_SWIFT_STANDARD_LIBRARIES = YES;
				BUNDLE_LOADER = "$(TEST_HOST)";
				INFOPLIST_FILE = PokedexTests/Info.plist;
				LD_RUNPATH_SEARCH_PATHS = "$(inherited) @executable_path/Frameworks @loader_path/Frameworks";
				PRODUCT_BUNDLE_IDENTIFIER = com.sonhnlab.PokedexTests;
				PRODUCT_NAME = "$(TARGET_NAME)";
				SWIFT_VERSION = 3.0;
				TEST_HOST = "$(BUILT_PRODUCTS_DIR)/Pokedex.app/Pokedex";
			};
			name = Debug;
		};
		84B250EC20B4FE72003F940C /* Release */ = {
			isa = XCBuildConfiguration;
			buildSettings = {
				ALWAYS_EMBED_SWIFT_STANDARD_LIBRARIES = YES;
				BUNDLE_LOADER = "$(TEST_HOST)";
				INFOPLIST_FILE = PokedexTests/Info.plist;
				LD_RUNPATH_SEARCH_PATHS = "$(inherited) @executable_path/Frameworks @loader_path/Frameworks";
				PRODUCT_BUNDLE_IDENTIFIER = com.sonhnlab.PokedexTests;
				PRODUCT_NAME = "$(TARGET_NAME)";
				SWIFT_VERSION = 3.0;
				TEST_HOST = "$(BUILT_PRODUCTS_DIR)/Pokedex.app/Pokedex";
			};
			name = Release;
		};
		84B250EE20B4FE72003F940C /* Debug */ = {
			isa = XCBuildConfiguration;
			buildSettings = {
				ALWAYS_EMBED_SWIFT_STANDARD_LIBRARIES = YES;
				INFOPLIST_FILE = PokedexUITests/Info.plist;
				LD_RUNPATH_SEARCH_PATHS = "$(inherited) @executable_path/Frameworks @loader_path/Frameworks";
				PRODUCT_BUNDLE_IDENTIFIER = com.sonhnlab.PokedexUITests;
				PRODUCT_NAME = "$(TARGET_NAME)";
				SWIFT_VERSION = 3.0;
				TEST_TARGET_NAME = Pokedex;
			};
			name = Debug;
		};
		84B250EF20B4FE72003F940C /* Release */ = {
			isa = XCBuildConfiguration;
			buildSettings = {
				ALWAYS_EMBED_SWIFT_STANDARD_LIBRARIES = YES;
				INFOPLIST_FILE = PokedexUITests/Info.plist;
				LD_RUNPATH_SEARCH_PATHS = "$(inherited) @executable_path/Frameworks @loader_path/Frameworks";
				PRODUCT_BUNDLE_IDENTIFIER = com.sonhnlab.PokedexUITests;
				PRODUCT_NAME = "$(TARGET_NAME)";
				SWIFT_VERSION = 3.0;
				TEST_TARGET_NAME = Pokedex;
			};
			name = Release;
		};
/* End XCBuildConfiguration section */

/* Begin XCConfigurationList section */
		84B250BA20B4FE72003F940C /* Build configuration list for PBXProject "Pokedex" */ = {
			isa = XCConfigurationList;
			buildConfigurations = (
				84B250E520B4FE72003F940C /* Debug */,
				84B250E620B4FE72003F940C /* Release */,
			);
			defaultConfigurationIsVisible = 0;
			defaultConfigurationName = Release;
		};
		84B250E720B4FE72003F940C /* Build configuration list for PBXNativeTarget "Pokedex" */ = {
			isa = XCConfigurationList;
			buildConfigurations = (
				84B250E820B4FE72003F940C /* Debug */,
				84B250E920B4FE72003F940C /* Release */,
			);
			defaultConfigurationIsVisible = 0;
		};
		84B250EA20B4FE72003F940C /* Build configuration list for PBXNativeTarget "PokedexTests" */ = {
			isa = XCConfigurationList;
			buildConfigurations = (
				84B250EB20B4FE72003F940C /* Debug */,
				84B250EC20B4FE72003F940C /* Release */,
			);
			defaultConfigurationIsVisible = 0;
		};
		84B250ED20B4FE72003F940C /* Build configuration list for PBXNativeTarget "PokedexUITests" */ = {
			isa = XCConfigurationList;
			buildConfigurations = (
				84B250EE20B4FE72003F940C /* Debug */,
				84B250EF20B4FE72003F940C /* Release */,
			);
			defaultConfigurationIsVisible = 0;
		};
/* End XCConfigurationList section */
	};
	rootObject = 84B250B720B4FE72003F940C /* Project object */;
}
